
Microsoft Visual Studio Solution File, Format Version 12.00
# Visual Studio Version 17
VisualStudioVersion = 17.14.36429.23 d17.14
MinimumVisualStudioVersion = 10.0.40219.1
Project("{FAE04EC0-301F-11D3-BF4B-00C04F79EFBC}") = "PQQuestEditor", "PQQuestEditor.csproj", "{9B1953EA-46BA-BB72-7E39-0DBD52BEDA6A}"
EndProject
Global
	GlobalSection(SolutionConfigurationPlatforms) = preSolution
		Debug|Any CPU = Debug|Any CPU
		Release|Any CPU = Release|Any CPU
	EndGlobalSection
	GlobalSection(ProjectConfigurationPlatforms) = postSolution
		{9B1953EA-46BA-BB72-7E39-0DBD52BEDA6A}.Debug|Any CPU.ActiveCfg = Debug|Any CPU
		{9B1953EA-46BA-BB72-7E39-0DBD52BEDA6A}.Debug|Any CPU.Build.0 = Debug|Any CPU
		{9B1953EA-46BA-BB72-7E39-0DBD52BEDA6A}.Release|Any CPU.ActiveCfg = Release|Any CPU
		{9B1953EA-46BA-BB72-7E39-0DBD52BEDA6A}.Release|Any CPU.Build.0 = Release|Any CPU
	EndGlobalSection
	GlobalSection(SolutionProperties) = preSolution
		HideSolutionNode = FALSE
	EndGlobalSection
	GlobalSection(ExtensibilityGlobals) = postSolution
		SolutionGuid = {B6607632-17DA-420F-8EE8-7AEE7FFCE192}
	EndGlobalSection
EndGlobal
